
Microsoft Visual Studio Solution File, Format Version 12.00
# Visual Studio 2013
VisualStudioVersion = 12.0.30723.0
MinimumVisualStudioVersion = 10.0.40219.1
Project("{2150E333-8FDC-42A3-9474-1A3956D46DE8}") = "Samples.NServiceBusHost", "Samples.NServiceBusHost", "{5EBF3DD4-2B86-4689-9506-4FB0E8BA8850}"
EndProject
Project("{FAE04EC0-301F-11D3-BF4B-00C04F79EFBC}") = "BusSamples.Client", "Samples.NServiceBusHost\BusSamples.Client\BusSamples.Client.csproj", "{BFB0FD44-DD60-4464-A151-E81AD08F9EE6}"
EndProject
Project("{FAE04EC0-301F-11D3-BF4B-00C04F79EFBC}") = "BusSamples.Messages", "Samples.NServiceBusHost\BusSamples.Messages\BusSamples.Messages.csproj", "{315DC712-D379-4A77-B4C7-66EF6F4B4C8A}"
EndProject
Project("{FAE04EC0-301F-11D3-BF4B-00C04F79EFBC}") = "BusSamples.Server", "Samples.NServiceBusHost\BusSamples.Server\BusSamples.Server.csproj", "{711781D4-1214-41FA-AE2E-27864A5FCFD0}"
EndProject
Project("{2150E333-8FDC-42A3-9474-1A3956D46DE8}") = ".nuget", ".nuget", "{A4593DD2-629D-4E61-84C6-CCDC63B8C3CB}"
	ProjectSection(SolutionItems) = preProject
		.nuget\NuGet.Config = .nuget\NuGet.Config
		.nuget\NuGet.exe = .nuget\NuGet.exe
		.nuget\NuGet.targets = .nuget\NuGet.targets
	EndProjectSection
EndProject
Project("{2150E333-8FDC-42A3-9474-1A3956D46DE8}") = "Samples.Standalone", "Samples.Standalone", "{0E7D67E9-AE99-458B-A1FC-41C61F44487A}"
EndProject
Project("{FAE04EC0-301F-11D3-BF4B-00C04F79EFBC}") = "Standalone.Messages", "Samples.Standalone\Standalone.Messages\Standalone.Messages.csproj", "{64177F5B-D9E9-4ADE-B825-A6A3E6B11CEA}"
EndProject
Project("{FAE04EC0-301F-11D3-BF4B-00C04F79EFBC}") = "Standalone.Console.Publisher", "Samples.Standalone\Standalone.Console.Publisher\Standalone.Console.Publisher.csproj", "{D52E8C87-C390-46BA-BC40-44C9D3A52670}"
EndProject
Project("{FAE04EC0-301F-11D3-BF4B-00C04F79EFBC}") = "Standalone.Console.Subscriber", "Samples.Standalone\Standalone.Console.Subscriber\Standalone.Console.Subscriber.csproj", "{07B8224C-A110-4E8E-9469-35E63BB9BF52}"
EndProject
Project("{2150E333-8FDC-42A3-9474-1A3956D46DE8}") = "Samples.MvcSubscriber", "Samples.MvcSubscriber", "{7674BB47-1AB3-4DBE-A45D-62CEA5C23DB1}"
EndProject
Project("{FAE04EC0-301F-11D3-BF4B-00C04F79EFBC}") = "Mvc.Subscriber", "Samples.MvcSubscriber\Mvc.Subscriber\Mvc.Subscriber.csproj", "{6985A23B-49CD-466F-BD64-576F4275175A}"
EndProject
Project("{FAE04EC0-301F-11D3-BF4B-00C04F79EFBC}") = "Mvc.Console.Publisher", "Samples.MvcSubscriber\Mvc.Console.Publisher\Mvc.Console.Publisher.csproj", "{5E1EAA90-94ED-4CD5-B91F-EEBB3706F76F}"
EndProject
Project("{FAE04EC0-301F-11D3-BF4B-00C04F79EFBC}") = "Mvc.Messages", "Samples.MvcSubscriber\Mvc.Messages\Mvc.Messages.csproj", "{59E6BE5B-D8E3-471A-BF47-B3B14B43A7D2}"
EndProject
Global
	GlobalSection(SolutionConfigurationPlatforms) = preSolution
		Debug|Any CPU = Debug|Any CPU
		Release|Any CPU = Release|Any CPU
	EndGlobalSection
	GlobalSection(ProjectConfigurationPlatforms) = postSolution
		{BFB0FD44-DD60-4464-A151-E81AD08F9EE6}.Debug|Any CPU.ActiveCfg = Debug|Any CPU
		{BFB0FD44-DD60-4464-A151-E81AD08F9EE6}.Debug|Any CPU.Build.0 = Debug|Any CPU
		{BFB0FD44-DD60-4464-A151-E81AD08F9EE6}.Release|Any CPU.ActiveCfg = Release|Any CPU
		{BFB0FD44-DD60-4464-A151-E81AD08F9EE6}.Release|Any CPU.Build.0 = Release|Any CPU
		{315DC712-D379-4A77-B4C7-66EF6F4B4C8A}.Debug|Any CPU.ActiveCfg = Debug|Any CPU
		{315DC712-D379-4A77-B4C7-66EF6F4B4C8A}.Debug|Any CPU.Build.0 = Debug|Any CPU
		{315DC712-D379-4A77-B4C7-66EF6F4B4C8A}.Release|Any CPU.ActiveCfg = Release|Any CPU
		{315DC712-D379-4A77-B4C7-66EF6F4B4C8A}.Release|Any CPU.Build.0 = Release|Any CPU
		{711781D4-1214-41FA-AE2E-27864A5FCFD0}.Debug|Any CPU.ActiveCfg = Debug|Any CPU
		{711781D4-1214-41FA-AE2E-27864A5FCFD0}.Debug|Any CPU.Build.0 = Debug|Any CPU
		{711781D4-1214-41FA-AE2E-27864A5FCFD0}.Release|Any CPU.ActiveCfg = Release|Any CPU
		{711781D4-1214-41FA-AE2E-27864A5FCFD0}.Release|Any CPU.Build.0 = Release|Any CPU
		{64177F5B-D9E9-4ADE-B825-A6A3E6B11CEA}.Debug|Any CPU.ActiveCfg = Debug|Any CPU
		{64177F5B-D9E9-4ADE-B825-A6A3E6B11CEA}.Debug|Any CPU.Build.0 = Debug|Any CPU
		{64177F5B-D9E9-4ADE-B825-A6A3E6B11CEA}.Release|Any CPU.ActiveCfg = Release|Any CPU
		{64177F5B-D9E9-4ADE-B825-A6A3E6B11CEA}.Release|Any CPU.Build.0 = Release|Any CPU
		{D52E8C87-C390-46BA-BC40-44C9D3A52670}.Debug|Any CPU.ActiveCfg = Debug|Any CPU
		{D52E8C87-C390-46BA-BC40-44C9D3A52670}.Debug|Any CPU.Build.0 = Debug|Any CPU
		{D52E8C87-C390-46BA-BC40-44C9D3A52670}.Release|Any CPU.ActiveCfg = Release|Any CPU
		{D52E8C87-C390-46BA-BC40-44C9D3A52670}.Release|Any CPU.Build.0 = Release|Any CPU
		{07B8224C-A110-4E8E-9469-35E63BB9BF52}.Debug|Any CPU.ActiveCfg = Debug|Any CPU
		{07B8224C-A110-4E8E-9469-35E63BB9BF52}.Debug|Any CPU.Build.0 = Debug|Any CPU
		{07B8224C-A110-4E8E-9469-35E63BB9BF52}.Release|Any CPU.ActiveCfg = Release|Any CPU
		{07B8224C-A110-4E8E-9469-35E63BB9BF52}.Release|Any CPU.Build.0 = Release|Any CPU
		{6985A23B-49CD-466F-BD64-576F4275175A}.Debug|Any CPU.ActiveCfg = Debug|Any CPU
		{6985A23B-49CD-466F-BD64-576F4275175A}.Debug|Any CPU.Build.0 = Debug|Any CPU
		{6985A23B-49CD-466F-BD64-576F4275175A}.Release|Any CPU.ActiveCfg = Release|Any CPU
		{6985A23B-49CD-466F-BD64-576F4275175A}.Release|Any CPU.Build.0 = Release|Any CPU
		{5E1EAA90-94ED-4CD5-B91F-EEBB3706F76F}.Debug|Any CPU.ActiveCfg = Debug|Any CPU
		{5E1EAA90-94ED-4CD5-B91F-EEBB3706F76F}.Debug|Any CPU.Build.0 = Debug|Any CPU
		{5E1EAA90-94ED-4CD5-B91F-EEBB3706F76F}.Release|Any CPU.ActiveCfg = Release|Any CPU
		{5E1EAA90-94ED-4CD5-B91F-EEBB3706F76F}.Release|Any CPU.Build.0 = Release|Any CPU
		{59E6BE5B-D8E3-471A-BF47-B3B14B43A7D2}.Debug|Any CPU.ActiveCfg = Debug|Any CPU
		{59E6BE5B-D8E3-471A-BF47-B3B14B43A7D2}.Debug|Any CPU.Build.0 = Debug|Any CPU
		{59E6BE5B-D8E3-471A-BF47-B3B14B43A7D2}.Release|Any CPU.ActiveCfg = Release|Any CPU
		{59E6BE5B-D8E3-471A-BF47-B3B14B43A7D2}.Release|Any CPU.Build.0 = Release|Any CPU
	EndGlobalSection
	GlobalSection(SolutionProperties) = preSolution
		HideSolutionNode = FALSE
	EndGlobalSection
	GlobalSection(NestedProjects) = preSolution
		{BFB0FD44-DD60-4464-A151-E81AD08F9EE6} = {5EBF3DD4-2B86-4689-9506-4FB0E8BA8850}
		{315DC712-D379-4A77-B4C7-66EF6F4B4C8A} = {5EBF3DD4-2B86-4689-9506-4FB0E8BA8850}
		{711781D4-1214-41FA-AE2E-27864A5FCFD0} = {5EBF3DD4-2B86-4689-9506-4FB0E8BA8850}
		{64177F5B-D9E9-4ADE-B825-A6A3E6B11CEA} = {0E7D67E9-AE99-458B-A1FC-41C61F44487A}
		{D52E8C87-C390-46BA-BC40-44C9D3A52670} = {0E7D67E9-AE99-458B-A1FC-41C61F44487A}
		{07B8224C-A110-4E8E-9469-35E63BB9BF52} = {0E7D67E9-AE99-458B-A1FC-41C61F44487A}
		{6985A23B-49CD-466F-BD64-576F4275175A} = {7674BB47-1AB3-4DBE-A45D-62CEA5C23DB1}
		{5E1EAA90-94ED-4CD5-B91F-EEBB3706F76F} = {7674BB47-1AB3-4DBE-A45D-62CEA5C23DB1}
		{59E6BE5B-D8E3-471A-BF47-B3B14B43A7D2} = {7674BB47-1AB3-4DBE-A45D-62CEA5C23DB1}
	EndGlobalSection
EndGlobal
